{
  "name": "AdventOfCodeBoilerplate",
  "lockfileVersion": 3,
  "requires": true,
  "packages": {
    "": {
      "dependencies": {
        "algebra.js": "^0.2.6",
        "fs": "^0.0.1-security"
      }
    },
    "node_modules/algebra.js": {
      "version": "0.2.6",
      "resolved": "https://registry.npmjs.org/algebra.js/-/algebra.js-0.2.6.tgz",
      "integrity": "sha512-ogfp7ukWOqIgBGERLLhArKhPORnmvn1t0pXvPvtfe15qlDV9BaDwCArHh5RyoEj2GHUqYeCWfBzQ7oZRqQxKDw=="
    },
    "node_modules/fs": {
      "version": "0.0.1-security",
      "resolved": "https://registry.npmjs.org/fs/-/fs-0.0.1-security.tgz",
      "integrity": "sha512-3XY9e1pP0CVEUCdj5BmfIZxRBTSDycnbqhIOGec9QYtmVH2fbLpj86CFWkrNOkt/Fvty4KZG5lTglL9j/gJ87w=="
    }
  }
}
